{
  "name": "shreelakshmi_hegde_portfolio",
  "lockfileVersion": 3,
  "requires": true,
  "packages": {
    "": {
      "dependencies": {
        "@github/browser-support": "^4.3.0",
        "@oddbird/popover-polyfill": "^0.6.1"
      }
    },
    "node_modules/@github/browser-support": {
      "version": "4.3.0",
      "resolved": "https://registry.npmjs.org/@github/browser-support/-/browser-support-4.3.0.tgz",
      "integrity": "sha512-Z6YZPAe/fyIe4OXcsC4JdFxG/o7v45mMlNUCgVDB83APMfNKpaR49IIq7krrw6KmLYBQEaMqcZcoN0CS9YBReg==",
      "license": "MIT",
      "dependencies": {
        "@oddbird/popover-polyfill": "^0.5.2",
        "invokers-polyfill": "^0.5.2"
      }
    },
    "node_modules/@github/browser-support/node_modules/@oddbird/popover-polyfill": {
      "version": "0.5.2",
      "resolved": "https://registry.npmjs.org/@oddbird/popover-polyfill/-/popover-polyfill-0.5.2.tgz",
      "integrity": "sha512-iFrvar5SOMtKFOSjYvs4z9UlLqDdJbMx0mgISLcPedv+g0ac5sgeETLGtipHCVIae6HJPclNEH5aCyD1RZaEHw==",
      "license": "BSD-3-Clause"
    },
    "node_modules/@oddbird/popover-polyfill": {
      "version": "0.6.1",
      "resolved": "https://registry.npmjs.org/@oddbird/popover-polyfill/-/popover-polyfill-0.6.1.tgz",
      "integrity": "sha512-Papau51NPG+NajXvoEHCNT1CBJv4WIyvIGfH5gpJPLL8MZJt/4giC0jJ/mNZRtJmdzRuXWpUFB6QxkJa1RvMAQ==",
      "license": "BSD-3-Clause"
    },
    "node_modules/invokers-polyfill": {
      "version": "0.5.7",
      "resolved": "https://registry.npmjs.org/invokers-polyfill/-/invokers-polyfill-0.5.7.tgz",
      "integrity": "sha512-T1MmQ40+ARzC0W3YgyVUyncXIi1G7jnUq1PVdsYNr1ql7etYGHWNr3RKvJABIiFO5Ktk3xK9/A8+1lFASvcrKw==",
      "license": "MIT"
    }
  }
}
